// !$*UTF8*$!
{
	archiveVersion = 1;
	classes = {
	};
	objectVersion = 56;
	objects = {

/* Begin PBXBuildFile section */
		09013FA12D4C02E900C39319 /* BeerApp.swift in Sources */ = {isa = PBXBuildFile; fileRef = 09013FA02D4C02E900C39319 /* BeerApp.swift */; };
		09013FA32D4C02E900C39319 /* ContentView.swift in Sources */ = {isa = PBXBuildFile; fileRef = 09013FA22D4C02E900C39319 /* ContentView.swift */; };
		09013FA52D4C02EA00C39319 /* Assets.xcassets in Resources */ = {isa = PBXBuildFile; fileRef = 09013FA42D4C02EA00C39319 /* Assets.xcassets */; };
		09013FA82D4C02EA00C39319 /* Preview Assets.xcassets in Resources */ = {isa = PBXBuildFile; fileRef = 09013FA72D4C02EA00C39319 /* Preview Assets.xcassets */; };
		09013FB22D4C02EA00C39319 /* BeerAppTests.swift in Sources */ = {isa = PBXBuildFile; fileRef = 09013FB12D4C02EA00C39319 /* BeerAppTests.swift */; };
		09013FBC2D4C02EA00C39319 /* BeerAppUITests.swift in Sources */ = {isa = PBXBuildFile; fileRef = 09013FBB2D4C02EA00C39319 /* BeerAppUITests.swift */; };
		09013FBE2D4C02EA00C39319 /* BeerAppUITestsLaunchTests.swift in Sources */ = {isa = PBXBuildFile; fileRef = 09013FBD2D4C02EA00C39319 /* BeerAppUITestsLaunchTests.swift */; };
		09013FD12D4C069700C39319 /* Constants.swift in Sources */ = {isa = PBXBuildFile; fileRef = 09013FD02D4C069700C39319 /* Constants.swift */; };
		09013FD32D4C077B00C39319 /* DependencyContainer.swift in Sources */ = {isa = PBXBuildFile; fileRef = 09013FD22D4C077B00C39319 /* DependencyContainer.swift */; };
		09013FD52D4C083300C39319 /* APIRequestManager.swift in Sources */ = {isa = PBXBuildFile; fileRef = 09013FD42D4C083300C39319 /* APIRequestManager.swift */; };
		09013FD72D4C089000C39319 /* NetworkClient.swift in Sources */ = {isa = PBXBuildFile; fileRef = 09013FD62D4C089000C39319 /* NetworkClient.swift */; };
		09013FD92D4C08D400C39319 /* APIRequestBuilder.swift in Sources */ = {isa = PBXBuildFile; fileRef = 09013FD82D4C08D400C39319 /* APIRequestBuilder.swift */; };
		09013FDB2D4C090900C39319 /* APIRequest.swift in Sources */ = {isa = PBXBuildFile; fileRef = 09013FDA2D4C090900C39319 /* APIRequest.swift */; };
		09013FDD2D4C0A5C00C39319 /* BeerService.swift in Sources */ = {isa = PBXBuildFile; fileRef = 09013FDC2D4C0A5C00C39319 /* BeerService.swift */; };
		09013FDF2D4C0AFD00C39319 /* Beer.swift in Sources */ = {isa = PBXBuildFile; fileRef = 09013FDE2D4C0AFD00C39319 /* Beer.swift */; };
		09013FE12D4C120800C39319 /* BeerListView.swift in Sources */ = {isa = PBXBuildFile; fileRef = 09013FE02D4C120800C39319 /* BeerListView.swift */; };
		09013FE32D4C123700C39319 /* BeerListViewModel.swift in Sources */ = {isa = PBXBuildFile; fileRef = 09013FE22D4C123700C39319 /* BeerListViewModel.swift */; };
		0948FCA22D4D77A700DF74C9 /* BeerDetailView.swift in Sources */ = {isa = PBXBuildFile; fileRef = 0948FCA12D4D77A700DF74C9 /* BeerDetailView.swift */; };
		0948FCA42D4D78C300DF74C9 /* BeerListItemView.swift in Sources */ = {isa = PBXBuildFile; fileRef = 0948FCA32D4D78C300DF74C9 /* BeerListItemView.swift */; };
		09C2A7632D4E4D6E00B817AB /* Array+Extension.swift in Sources */ = {isa = PBXBuildFile; fileRef = 09C2A7622D4E4D6E00B817AB /* Array+Extension.swift */; };
		09C2A7662D4E86DD00B817AB /* SDWebImageSwiftUI in Frameworks */ = {isa = PBXBuildFile; productRef = 09C2A7652D4E86DD00B817AB /* SDWebImageSwiftUI */; };
		09C2A7692D4E870A00B817AB /* WebImageView.swift in Sources */ = {isa = PBXBuildFile; fileRef = 09C2A7682D4E870A00B817AB /* WebImageView.swift */; };
		09C2A76B2D4EA82800B817AB /* Colors.xcassets in Resources */ = {isa = PBXBuildFile; fileRef = 09C2A76A2D4EA82800B817AB /* Colors.xcassets */; };
		09C2A76D2D4EBF5900B817AB /* Number+Extension.swift in Sources */ = {isa = PBXBuildFile; fileRef = 09C2A76C2D4EBF5900B817AB /* Number+Extension.swift */; };
/* End PBXBuildFile section */

/* Begin PBXContainerItemProxy section */
		09013FAE2D4C02EA00C39319 /* PBXContainerItemProxy */ = {
			isa = PBXContainerItemProxy;
			containerPortal = 09013F952D4C02E900C39319 /* Project object */;
			proxyType = 1;
			remoteGlobalIDString = 09013F9C2D4C02E900C39319;
			remoteInfo = BeerApp;
		};
		09013FB82D4C02EA00C39319 /* PBXContainerItemProxy */ = {
			isa = PBXContainerItemProxy;
			containerPortal = 09013F952D4C02E900C39319 /* Project object */;
			proxyType = 1;
			remoteGlobalIDString = 09013F9C2D4C02E900C39319;
			remoteInfo = BeerApp;
		};
/* End PBXContainerItemProxy section */

/* Begin PBXFileReference section */
		09013F9D2D4C02E900C39319 /* BeerApp.app */ = {isa = PBXFileReference; explicitFileType = wrapper.application; includeInIndex = 0; path = BeerApp.app; sourceTree = BUILT_PRODUCTS_DIR; };
		09013FA02D4C02E900C39319 /* BeerApp.swift */ = {isa = PBXFileReference; lastKnownFileType = sourcecode.swift; path = BeerApp.swift; sourceTree = "<group>"; };
		09013FA22D4C02E900C39319 /* ContentView.swift */ = {isa = PBXFileReference; lastKnownFileType = sourcecode.swift; path = ContentView.swift; sourceTree = "<group>"; };
		09013FA42D4C02EA00C39319 /* Assets.xcassets */ = {isa = PBXFileReference; lastKnownFileType = folder.assetcatalog; path = Assets.xcassets; sourceTree = "<group>"; };
		09013FA72D4C02EA00C39319 /* Preview Assets.xcassets */ = {isa = PBXFileReference; lastKnownFileType = folder.assetcatalog; path = "Preview Assets.xcassets"; sourceTree = "<group>"; };
		09013FAD2D4C02EA00C39319 /* BeerAppTests.xctest */ = {isa = PBXFileReference; explicitFileType = wrapper.cfbundle; includeInIndex = 0; path = BeerAppTests.xctest; sourceTree = BUILT_PRODUCTS_DIR; };
		09013FB12D4C02EA00C39319 /* BeerAppTests.swift */ = {isa = PBXFileReference; lastKnownFileType = sourcecode.swift; path = BeerAppTests.swift; sourceTree = "<group>"; };
		09013FB72D4C02EA00C39319 /* BeerAppUITests.xctest */ = {isa = PBXFileReference; explicitFileType = wrapper.cfbundle; includeInIndex = 0; path = BeerAppUITests.xctest; sourceTree = BUILT_PRODUCTS_DIR; };
		09013FBB2D4C02EA00C39319 /* BeerAppUITests.swift */ = {isa = PBXFileReference; lastKnownFileType = sourcecode.swift; path = BeerAppUITests.swift; sourceTree = "<group>"; };
		09013FBD2D4C02EA00C39319 /* BeerAppUITestsLaunchTests.swift */ = {isa = PBXFileReference; lastKnownFileType = sourcecode.swift; path = BeerAppUITestsLaunchTests.swift; sourceTree = "<group>"; };
		09013FD02D4C069700C39319 /* Constants.swift */ = {isa = PBXFileReference; lastKnownFileType = sourcecode.swift; path = Constants.swift; sourceTree = "<group>"; };
		09013FD22D4C077B00C39319 /* DependencyContainer.swift */ = {isa = PBXFileReference; lastKnownFileType = sourcecode.swift; path = DependencyContainer.swift; sourceTree = "<group>"; };
		09013FD42D4C083300C39319 /* APIRequestManager.swift */ = {isa = PBXFileReference; lastKnownFileType = sourcecode.swift; path = APIRequestManager.swift; sourceTree = "<group>"; };
		09013FD62D4C089000C39319 /* NetworkClient.swift */ = {isa = PBXFileReference; lastKnownFileType = sourcecode.swift; path = NetworkClient.swift; sourceTree = "<group>"; };
		09013FD82D4C08D400C39319 /* APIRequestBuilder.swift */ = {isa = PBXFileReference; lastKnownFileType = sourcecode.swift; path = APIRequestBuilder.swift; sourceTree = "<group>"; };
		09013FDA2D4C090900C39319 /* APIRequest.swift */ = {isa = PBXFileReference; lastKnownFileType = sourcecode.swift; path = APIRequest.swift; sourceTree = "<group>"; };
		09013FDC2D4C0A5C00C39319 /* BeerService.swift */ = {isa = PBXFileReference; lastKnownFileType = sourcecode.swift; path = BeerService.swift; sourceTree = "<group>"; };
		09013FDE2D4C0AFD00C39319 /* Beer.swift */ = {isa = PBXFileReference; lastKnownFileType = sourcecode.swift; path = Beer.swift; sourceTree = "<group>"; };
		09013FE02D4C120800C39319 /* BeerListView.swift */ = {isa = PBXFileReference; lastKnownFileType = sourcecode.swift; path = BeerListView.swift; sourceTree = "<group>"; };
		09013FE22D4C123700C39319 /* BeerListViewModel.swift */ = {isa = PBXFileReference; lastKnownFileType = sourcecode.swift; path = BeerListViewModel.swift; sourceTree = "<group>"; };
		0948FCA12D4D77A700DF74C9 /* BeerDetailView.swift */ = {isa = PBXFileReference; lastKnownFileType = sourcecode.swift; path = BeerDetailView.swift; sourceTree = "<group>"; };
		0948FCA32D4D78C300DF74C9 /* BeerListItemView.swift */ = {isa = PBXFileReference; lastKnownFileType = sourcecode.swift; path = BeerListItemView.swift; sourceTree = "<group>"; };
		09C2A7622D4E4D6E00B817AB /* Array+Extension.swift */ = {isa = PBXFileReference; lastKnownFileType = sourcecode.swift; path = "Array+Extension.swift"; sourceTree = "<group>"; };
		09C2A7682D4E870A00B817AB /* WebImageView.swift */ = {isa = PBXFileReference; lastKnownFileType = sourcecode.swift; path = WebImageView.swift; sourceTree = "<group>"; };
		09C2A76A2D4EA82800B817AB /* Colors.xcassets */ = {isa = PBXFileReference; lastKnownFileType = folder.assetcatalog; path = Colors.xcassets; sourceTree = "<group>"; };
		09C2A76C2D4EBF5900B817AB /* Number+Extension.swift */ = {isa = PBXFileReference; lastKnownFileType = sourcecode.swift; path = "Number+Extension.swift"; sourceTree = "<group>"; };
/* End PBXFileReference section */

/* Begin PBXFrameworksBuildPhase section */
		09013F9A2D4C02E900C39319 /* Frameworks */ = {
			isa = PBXFrameworksBuildPhase;
			buildActionMask = 2147483647;
			files = (
				09C2A7662D4E86DD00B817AB /* SDWebImageSwiftUI in Frameworks */,
			);
			runOnlyForDeploymentPostprocessing = 0;
		};
		09013FAA2D4C02EA00C39319 /* Frameworks */ = {
			isa = PBXFrameworksBuildPhase;
			buildActionMask = 2147483647;
			files = (
			);
			runOnlyForDeploymentPostprocessing = 0;
		};
		09013FB42D4C02EA00C39319 /* Frameworks */ = {
			isa = PBXFrameworksBuildPhase;
			buildActionMask = 2147483647;
			files = (
			);
			runOnlyForDeploymentPostprocessing = 0;
		};
/* End PBXFrameworksBuildPhase section */

/* Begin PBXGroup section */
		09013F942D4C02E900C39319 = {
			isa = PBXGroup;
			children = (
				09013F9F2D4C02E900C39319 /* BeerApp */,
				09013FB02D4C02EA00C39319 /* BeerAppTests */,
				09013FBA2D4C02EA00C39319 /* BeerAppUITests */,
				09013F9E2D4C02E900C39319 /* Products */,
			);
			sourceTree = "<group>";
		};
		09013F9E2D4C02E900C39319 /* Products */ = {
			isa = PBXGroup;
			children = (
				09013F9D2D4C02E900C39319 /* BeerApp.app */,
				09013FAD2D4C02EA00C39319 /* BeerAppTests.xctest */,
				09013FB72D4C02EA00C39319 /* BeerAppUITests.xctest */,
			);
			name = Products;
			sourceTree = "<group>";
		};
		09013F9F2D4C02E900C39319 /* BeerApp */ = {
			isa = PBXGroup;
			children = (
				09013FCB2D4C05B700C39319 /* App */,
				09013FCD2D4C05E100C39319 /* Model */,
				09013FCA2D4C052600C39319 /* Screens */,
				09013FCF2D4C060C00C39319 /* Service */,
				09013FCE2D4C05FB00C39319 /* Network */,
				09C2A7612D4E4D5600B817AB /* Helper */,
				09013FCC2D4C05D500C39319 /* Resources */,
				09013FA62D4C02EA00C39319 /* Preview Content */,
			);
			path = BeerApp;
			sourceTree = "<group>";
		};
		09013FA62D4C02EA00C39319 /* Preview Content */ = {
			isa = PBXGroup;
			children = (
				09013FA72D4C02EA00C39319 /* Preview Assets.xcassets */,
			);
			path = "Preview Content";
			sourceTree = "<group>";
		};
		09013FB02D4C02EA00C39319 /* BeerAppTests */ = {
			isa = PBXGroup;
			children = (
				09013FB12D4C02EA00C39319 /* BeerAppTests.swift */,
			);
			path = BeerAppTests;
			sourceTree = "<group>";
		};
		09013FBA2D4C02EA00C39319 /* BeerAppUITests */ = {
			isa = PBXGroup;
			children = (
				09013FBB2D4C02EA00C39319 /* BeerAppUITests.swift */,
				09013FBD2D4C02EA00C39319 /* BeerAppUITestsLaunchTests.swift */,
			);
			path = BeerAppUITests;
			sourceTree = "<group>";
		};
		09013FCA2D4C052600C39319 /* Screens */ = {
			isa = PBXGroup;
			children = (
				09013FA22D4C02E900C39319 /* ContentView.swift */,
				09013FE02D4C120800C39319 /* BeerListView.swift */,
				0948FCA32D4D78C300DF74C9 /* BeerListItemView.swift */,
				09013FE22D4C123700C39319 /* BeerListViewModel.swift */,
				0948FCA12D4D77A700DF74C9 /* BeerDetailView.swift */,
				09C2A7672D4E86F100B817AB /* Common */,
			);
			path = Screens;
			sourceTree = "<group>";
		};
		09013FCB2D4C05B700C39319 /* App */ = {
			isa = PBXGroup;
			children = (
				09013FA02D4C02E900C39319 /* BeerApp.swift */,
				09013FD02D4C069700C39319 /* Constants.swift */,
			);
			path = App;
			sourceTree = "<group>";
		};
		09013FCC2D4C05D500C39319 /* Resources */ = {
			isa = PBXGroup;
			children = (
				09013FA42D4C02EA00C39319 /* Assets.xcassets */,
				09C2A76A2D4EA82800B817AB /* Colors.xcassets */,
			);
			path = Resources;
			sourceTree = "<group>";
		};
		09013FCD2D4C05E100C39319 /* Model */ = {
			isa = PBXGroup;
			children = (
				09013FDE2D4C0AFD00C39319 /* Beer.swift */,
			);
			path = Model;
			sourceTree = "<group>";
		};
		09013FCE2D4C05FB00C39319 /* Network */ = {
			isa = PBXGroup;
			children = (
				09013FDA2D4C090900C39319 /* APIRequest.swift */,
				09013FD82D4C08D400C39319 /* APIRequestBuilder.swift */,
				09013FD42D4C083300C39319 /* APIRequestManager.swift */,
				09013FD62D4C089000C39319 /* NetworkClient.swift */,
			);
			path = Network;
			sourceTree = "<group>";
		};
		09013FCF2D4C060C00C39319 /* Service */ = {
			isa = PBXGroup;
			children = (
				09013FD22D4C077B00C39319 /* DependencyContainer.swift */,
				09013FDC2D4C0A5C00C39319 /* BeerService.swift */,
			);
			path = Service;
			sourceTree = "<group>";
		};
		09C2A7612D4E4D5600B817AB /* Helper */ = {
			isa = PBXGroup;
			children = (
				09C2A7622D4E4D6E00B817AB /* Array+Extension.swift */,
				09C2A76C2D4EBF5900B817AB /* Number+Extension.swift */,
			);
			path = Helper;
			sourceTree = "<group>";
		};
		09C2A7672D4E86F100B817AB /* Common */ = {
			isa = PBXGroup;
			children = (
				09C2A7682D4E870A00B817AB /* WebImageView.swift */,
			);
			path = Common;
			sourceTree = "<group>";
		};
/* End PBXGroup section */

/* Begin PBXNativeTarget section */
		09013F9C2D4C02E900C39319 /* BeerApp */ = {
			isa = PBXNativeTarget;
			buildConfigurationList = 09013FC12D4C02EA00C39319 /* Build configuration list for PBXNativeTarget "BeerApp" */;
			buildPhases = (
				09013F992D4C02E900C39319 /* Sources */,
				09013F9A2D4C02E900C39319 /* Frameworks */,
				09013F9B2D4C02E900C39319 /* Resources */,
			);
			buildRules = (
			);
			dependencies = (
			);
			name = BeerApp;
			packageProductDependencies = (
				09C2A7652D4E86DD00B817AB /* SDWebImageSwiftUI */,
			);
			productName = BeerApp;
			productReference = 09013F9D2D4C02E900C39319 /* BeerApp.app */;
			productType = "com.apple.product-type.application";
		};
		09013FAC2D4C02EA00C39319 /* BeerAppTests */ = {
			isa = PBXNativeTarget;
			buildConfigurationList = 09013FC42D4C02EA00C39319 /* Build configuration list for PBXNativeTarget "BeerAppTests" */;
			buildPhases = (
				09013FA92D4C02EA00C39319 /* Sources */,
				09013FAA2D4C02EA00C39319 /* Frameworks */,
				09013FAB2D4C02EA00C39319 /* Resources */,
			);
			buildRules = (
			);
			dependencies = (
				09013FAF2D4C02EA00C39319 /* PBXTargetDependency */,
			);
			name = BeerAppTests;
			productName = BeerAppTests;
			productReference = 09013FAD2D4C02EA00C39319 /* BeerAppTests.xctest */;
			productType = "com.apple.product-type.bundle.unit-test";
		};
		09013FB62D4C02EA00C39319 /* BeerAppUITests */ = {
			isa = PBXNativeTarget;
			buildConfigurationList = 09013FC72D4C02EA00C39319 /* Build configuration list for PBXNativeTarget "BeerAppUITests" */;
			buildPhases = (
				09013FB32D4C02EA00C39319 /* Sources */,
				09013FB42D4C02EA00C39319 /* Frameworks */,
				09013FB52D4C02EA00C39319 /* Resources */,
			);
			buildRules = (
			);
			dependencies = (
				09013FB92D4C02EA00C39319 /* PBXTargetDependency */,
			);
			name = BeerAppUITests;
			productName = BeerAppUITests;
			productReference = 09013FB72D4C02EA00C39319 /* BeerAppUITests.xctest */;
			productType = "com.apple.product-type.bundle.ui-testing";
		};
/* End PBXNativeTarget section */

/* Begin PBXProject section */
		09013F952D4C02E900C39319 /* Project object */ = {
			isa = PBXProject;
			attributes = {
				BuildIndependentTargetsInParallel = 1;
				LastSwiftUpdateCheck = 1540;
				LastUpgradeCheck = 1540;
				TargetAttributes = {
					09013F9C2D4C02E900C39319 = {
						CreatedOnToolsVersion = 15.4;
					};
					09013FAC2D4C02EA00C39319 = {
						CreatedOnToolsVersion = 15.4;
						TestTargetID = 09013F9C2D4C02E900C39319;
					};
					09013FB62D4C02EA00C39319 = {
						CreatedOnToolsVersion = 15.4;
						TestTargetID = 09013F9C2D4C02E900C39319;
					};
				};
			};
			buildConfigurationList = 09013F982D4C02E900C39319 /* Build configuration list for PBXProject "BeerApp" */;
			compatibilityVersion = "Xcode 14.0";
			developmentRegion = en;
			hasScannedForEncodings = 0;
			knownRegions = (
				en,
				Base,
			);
			mainGroup = 09013F942D4C02E900C39319;
			packageReferences = (
				09C2A7642D4E86DD00B817AB /* XCRemoteSwiftPackageReference "SDWebImageSwiftUI" */,
			);
			productRefGroup = 09013F9E2D4C02E900C39319 /* Products */;
			projectDirPath = "";
			projectRoot = "";
			targets = (
				09013F9C2D4C02E900C39319 /* BeerApp */,
				09013FAC2D4C02EA00C39319 /* BeerAppTests */,
				09013FB62D4C02EA00C39319 /* BeerAppUITests */,
			);
		};
/* End PBXProject section */

/* Begin PBXResourcesBuildPhase section */
		09013F9B2D4C02E900C39319 /* Resources */ = {
			isa = PBXResourcesBuildPhase;
			buildActionMask = 2147483647;
			files = (
				09C2A76B2D4EA82800B817AB /* Colors.xcassets in Resources */,
				09013FA82D4C02EA00C39319 /* Preview Assets.xcassets in Resources */,
				09013FA52D4C02EA00C39319 /* Assets.xcassets in Resources */,
			);
			runOnlyForDeploymentPostprocessing = 0;
		};
		09013FAB2D4C02EA00C39319 /* Resources */ = {
			isa = PBXResourcesBuildPhase;
			buildActionMask = 2147483647;
			files = (
			);
			runOnlyForDeploymentPostprocessing = 0;
		};
		09013FB52D4C02EA00C39319 /* Resources */ = {
			isa = PBXResourcesBuildPhase;
			buildActionMask = 2147483647;
			files = (
			);
			runOnlyForDeploymentPostprocessing = 0;
		};
/* End PBXResourcesBuildPhase section */

/* Begin PBXSourcesBuildPhase section */
		09013F992D4C02E900C39319 /* Sources */ = {
			isa = PBXSourcesBuildPhase;
			buildActionMask = 2147483647;
			files = (
				09013FA32D4C02E900C39319 /* ContentView.swift in Sources */,
				0948FCA42D4D78C300DF74C9 /* BeerListItemView.swift in Sources */,
				09013FA12D4C02E900C39319 /* BeerApp.swift in Sources */,
				09013FDD2D4C0A5C00C39319 /* BeerService.swift in Sources */,
				09013FD52D4C083300C39319 /* APIRequestManager.swift in Sources */,
				09C2A76D2D4EBF5900B817AB /* Number+Extension.swift in Sources */,
				09013FE32D4C123700C39319 /* BeerListViewModel.swift in Sources */,
				09C2A7632D4E4D6E00B817AB /* Array+Extension.swift in Sources */,
				09013FD32D4C077B00C39319 /* DependencyContainer.swift in Sources */,
				09013FD92D4C08D400C39319 /* APIRequestBuilder.swift in Sources */,
				09C2A7692D4E870A00B817AB /* WebImageView.swift in Sources */,
				09013FD12D4C069700C39319 /* Constants.swift in Sources */,
				09013FDF2D4C0AFD00C39319 /* Beer.swift in Sources */,
				09013FE12D4C120800C39319 /* BeerListView.swift in Sources */,
				0948FCA22D4D77A700DF74C9 /* BeerDetailView.swift in Sources */,
				09013FDB2D4C090900C39319 /* APIRequest.swift in Sources */,
				09013FD72D4C089000C39319 /* NetworkClient.swift in Sources */,
			);
			runOnlyForDeploymentPostprocessing = 0;
		};
		09013FA92D4C02EA00C39319 /* Sources */ = {
			isa = PBXSourcesBuildPhase;
			buildActionMask = 2147483647;
			files = (
				09013FB22D4C02EA00C39319 /* BeerAppTests.swift in Sources */,
			);
			runOnlyForDeploymentPostprocessing = 0;
		};
		09013FB32D4C02EA00C39319 /* Sources */ = {
			isa = PBXSourcesBuildPhase;
			buildActionMask = 2147483647;
			files = (
				09013FBE2D4C02EA00C39319 /* BeerAppUITestsLaunchTests.swift in Sources */,
				09013FBC2D4C02EA00C39319 /* BeerAppUITests.swift in Sources */,
			);
			runOnlyForDeploymentPostprocessing = 0;
		};
/* End PBXSourcesBuildPhase section */

/* Begin PBXTargetDependency section */
		09013FAF2D4C02EA00C39319 /* PBXTargetDependency */ = {
			isa = PBXTargetDependency;
			target = 09013F9C2D4C02E900C39319 /* BeerApp */;
			targetProxy = 09013FAE2D4C02EA00C39319 /* PBXContainerItemProxy */;
		};
		09013FB92D4C02EA00C39319 /* PBXTargetDependency */ = {
			isa = PBXTargetDependency;
			target = 09013F9C2D4C02E900C39319 /* BeerApp */;
			targetProxy = 09013FB82D4C02EA00C39319 /* PBXContainerItemProxy */;
		};
/* End PBXTargetDependency section */

/* Begin XCBuildConfiguration section */
		09013FBF2D4C02EA00C39319 /* Debug */ = {
			isa = XCBuildConfiguration;
			buildSettings = {
				ALWAYS_SEARCH_USER_PATHS = NO;
				ASSETCATALOG_COMPILER_GENERATE_SWIFT_ASSET_SYMBOL_EXTENSIONS = YES;
				CLANG_ANALYZER_NONNULL = YES;
				CLANG_ANALYZER_NUMBER_OBJECT_CONVERSION = YES_AGGRESSIVE;
				CLANG_CXX_LANGUAGE_STANDARD = "gnu++20";
				CLANG_ENABLE_MODULES = YES;
				CLANG_ENABLE_OBJC_ARC = YES;
				CLANG_ENABLE_OBJC_WEAK = YES;
				CLANG_WARN_BLOCK_CAPTURE_AUTORELEASING = YES;
				CLANG_WARN_BOOL_CONVERSION = YES;
				CLANG_WARN_COMMA = YES;
				CLANG_WARN_CONSTANT_CONVERSION = YES;
				CLANG_WARN_DEPRECATED_OBJC_IMPLEMENTATIONS = YES;
				CLANG_WARN_DIRECT_OBJC_ISA_USAGE = YES_ERROR;
				CLANG_WARN_DOCUMENTATION_COMMENTS = YES;
				CLANG_WARN_EMPTY_BODY = YES;
				CLANG_WARN_ENUM_CONVERSION = YES;
				CLANG_WARN_INFINITE_RECURSION = YES;
				CLANG_WARN_INT_CONVERSION = YES;
				CLANG_WARN_NON_LITERAL_NULL_CONVERSION = YES;
				CLANG_WARN_OBJC_IMPLICIT_RETAIN_SELF = YES;
				CLANG_WARN_OBJC_LITERAL_CONVERSION = YES;
				CLANG_WARN_OBJC_ROOT_CLASS = YES_ERROR;
				CLANG_WARN_QUOTED_INCLUDE_IN_FRAMEWORK_HEADER = YES;
				CLANG_WARN_RANGE_LOOP_ANALYSIS = YES;
				CLANG_WARN_STRICT_PROTOTYPES = YES;
				CLANG_WARN_SUSPICIOUS_MOVE = YES;
				CLANG_WARN_UNGUARDED_AVAILABILITY = YES_AGGRESSIVE;
				CLANG_WARN_UNREACHABLE_CODE = YES;
				CLANG_WARN__DUPLICATE_METHOD_MATCH = YES;
				COPY_PHASE_STRIP = NO;
				DEBUG_INFORMATION_FORMAT = dwarf;
				ENABLE_STRICT_OBJC_MSGSEND = YES;
				ENABLE_TESTABILITY = YES;
				ENABLE_USER_SCRIPT_SANDBOXING = YES;
				GCC_C_LANGUAGE_STANDARD = gnu17;
				GCC_DYNAMIC_NO_PIC = NO;
				GCC_NO_COMMON_BLOCKS = YES;
				GCC_OPTIMIZATION_LEVEL = 0;
				GCC_PREPROCESSOR_DEFINITIONS = (
					"DEBUG=1",
					"$(inherited)",
				);
				GCC_WARN_64_TO_32_BIT_CONVERSION = YES;
				GCC_WARN_ABOUT_RETURN_TYPE = YES_ERROR;
				GCC_WARN_UNDECLARED_SELECTOR = YES;
				GCC_WARN_UNINITIALIZED_AUTOS = YES_AGGRESSIVE;
				GCC_WARN_UNUSED_FUNCTION = YES;
				GCC_WARN_UNUSED_VARIABLE = YES;
				IPHONEOS_DEPLOYMENT_TARGET = 17.5;
				LOCALIZATION_PREFERS_STRING_CATALOGS = YES;
				MTL_ENABLE_DEBUG_INFO = INCLUDE_SOURCE;
				MTL_FAST_MATH = YES;
				ONLY_ACTIVE_ARCH = YES;
				SDKROOT = iphoneos;
				SWIFT_ACTIVE_COMPILATION_CONDITIONS = "DEBUG $(inherited)";
				SWIFT_OPTIMIZATION_LEVEL = "-Onone";
			};
			name = Debug;
		};
		09013FC02D4C02EA00C39319 /* Release */ = {
			isa = XCBuildConfiguration;
			buildSettings = {
				ALWAYS_SEARCH_USER_PATHS = NO;
				ASSETCATALOG_COMPILER_GENERATE_SWIFT_ASSET_SYMBOL_EXTENSIONS = YES;
				CLANG_ANALYZER_NONNULL = YES;
				CLANG_ANALYZER_NUMBER_OBJECT_CONVERSION = YES_AGGRESSIVE;
				CLANG_CXX_LANGUAGE_STANDARD = "gnu++20";
				CLANG_ENABLE_MODULES = YES;
				CLANG_ENABLE_OBJC_ARC = YES;
				CLANG_ENABLE_OBJC_WEAK = YES;
				CLANG_WARN_BLOCK_CAPTURE_AUTORELEASING = YES;
				CLANG_WARN_BOOL_CONVERSION = YES;
				CLANG_WARN_COMMA = YES;
				CLANG_WARN_CONSTANT_CONVERSION = YES;
				CLANG_WARN_DEPRECATED_OBJC_IMPLEMENTATIONS = YES;
				CLANG_WARN_DIRECT_OBJC_ISA_USAGE = YES_ERROR;
				CLANG_WARN_DOCUMENTATION_COMMENTS = YES;
				CLANG_WARN_EMPTY_BODY = YES;
				CLANG_WARN_ENUM_CONVERSION = YES;
				CLANG_WARN_INFINITE_RECURSION = YES;
				CLANG_WARN_INT_CONVERSION = YES;
				CLANG_WARN_NON_LITERAL_NULL_CONVERSION = YES;
				CLANG_WARN_OBJC_IMPLICIT_RETAIN_SELF = YES;
				CLANG_WARN_OBJC_LITERAL_CONVERSION = YES;
				CLANG_WARN_OBJC_ROOT_CLASS = YES_ERROR;
				CLANG_WARN_QUOTED_INCLUDE_IN_FRAMEWORK_HEADER = YES;
				CLANG_WARN_RANGE_LOOP_ANALYSIS = YES;
				CLANG_WARN_STRICT_PROTOTYPES = YES;
				CLANG_WARN_SUSPICIOUS_MOVE = YES;
				CLANG_WARN_UNGUARDED_AVAILABILITY = YES_AGGRESSIVE;
				CLANG_WARN_UNREACHABLE_CODE = YES;
				CLANG_WARN__DUPLICATE_METHOD_MATCH = YES;
				COPY_PHASE_STRIP = NO;
				DEBUG_INFORMATION_FORMAT = "dwarf-with-dsym";
				ENABLE_NS_ASSERTIONS = NO;
				ENABLE_STRICT_OBJC_MSGSEND = YES;
				ENABLE_USER_SCRIPT_SANDBOXING = YES;
				GCC_C_LANGUAGE_STANDARD = gnu17;
				GCC_NO_COMMON_BLOCKS = YES;
				GCC_WARN_64_TO_32_BIT_CONVERSION = YES;
				GCC_WARN_ABOUT_RETURN_TYPE = YES_ERROR;
				GCC_WARN_UNDECLARED_SELECTOR = YES;
				GCC_WARN_UNINITIALIZED_AUTOS = YES_AGGRESSIVE;
				GCC_WARN_UNUSED_FUNCTION = YES;
				GCC_WARN_UNUSED_VARIABLE = YES;
				IPHONEOS_DEPLOYMENT_TARGET = 17.5;
				LOCALIZATION_PREFERS_STRING_CATALOGS = YES;
				MTL_ENABLE_DEBUG_INFO = NO;
				MTL_FAST_MATH = YES;
				SDKROOT = iphoneos;
				SWIFT_COMPILATION_MODE = wholemodule;
				VALIDATE_PRODUCT = YES;
			};
			name = Release;
		};
		09013FC22D4C02EA00C39319 /* Debug */ = {
			isa = XCBuildConfiguration;
			buildSettings = {
				ASSETCATALOG_COMPILER_APPICON_NAME = AppIcon;
				ASSETCATALOG_COMPILER_GLOBAL_ACCENT_COLOR_NAME = AccentColor;
				CODE_SIGN_STYLE = Automatic;
				CURRENT_PROJECT_VERSION = 1;
				DEVELOPMENT_ASSET_PATHS = "\"BeerApp/Preview Content\"";
				DEVELOPMENT_TEAM = 7ZK9E97T8K;
				ENABLE_PREVIEWS = YES;
				GENERATE_INFOPLIST_FILE = YES;
				INFOPLIST_KEY_UIApplicationSceneManifest_Generation = YES;
				INFOPLIST_KEY_UIApplicationSupportsIndirectInputEvents = YES;
				INFOPLIST_KEY_UILaunchScreen_Generation = YES;
				INFOPLIST_KEY_UISupportedInterfaceOrientations_iPad = "UIInterfaceOrientationPortrait UIInterfaceOrientationPortraitUpsideDown UIInterfaceOrientationLandscapeLeft UIInterfaceOrientationLandscapeRight";
				INFOPLIST_KEY_UISupportedInterfaceOrientations_iPhone = "UIInterfaceOrientationPortrait UIInterfaceOrientationLandscapeLeft UIInterfaceOrientationLandscapeRight";
				INFOPLIST_KEY_UIUserInterfaceStyle = Light;
				LD_RUNPATH_SEARCH_PATHS = (
					"$(inherited)",
					"@executable_path/Frameworks",
				);
				MARKETING_VERSION = 1.0;
				PRODUCT_BUNDLE_IDENTIFIER = ilyabiltuev.BeerApp;
				PRODUCT_NAME = "$(TARGET_NAME)";
				SWIFT_EMIT_LOC_STRINGS = YES;
				SWIFT_VERSION = 5.0;
				TARGETED_DEVICE_FAMILY = "1,2";
			};
			name = Debug;
		};
		09013FC32D4C02EA00C39319 /* Release */ = {
			isa = XCBuildConfiguration;
			buildSettings = {
				ASSETCATALOG_COMPILER_APPICON_NAME = AppIcon;
				ASSETCATALOG_COMPILER_GLOBAL_ACCENT_COLOR_NAME = AccentColor;
				CODE_SIGN_STYLE = Automatic;
				CURRENT_PROJECT_VERSION = 1;
				DEVELOPMENT_ASSET_PATHS = "\"BeerApp/Preview Content\"";
				DEVELOPMENT_TEAM = 7ZK9E97T8K;
				ENABLE_PREVIEWS = YES;
				GENERATE_INFOPLIST_FILE = YES;
				INFOPLIST_KEY_UIApplicationSceneManifest_Generation = YES;
				INFOPLIST_KEY_UIApplicationSupportsIndirectInputEvents = YES;
				INFOPLIST_KEY_UILaunchScreen_Generation = YES;
				INFOPLIST_KEY_UISupportedInterfaceOrientations_iPad = "UIInterfaceOrientationPortrait UIInterfaceOrientationPortraitUpsideDown UIInterfaceOrientationLandscapeLeft UIInterfaceOrientationLandscapeRight";
				INFOPLIST_KEY_UISupportedInterfaceOrientations_iPhone = "UIInterfaceOrientationPortrait UIInterfaceOrientationLandscapeLeft UIInterfaceOrientationLandscapeRight";
				INFOPLIST_KEY_UIUserInterfaceStyle = Light;
				LD_RUNPATH_SEARCH_PATHS = (
					"$(inherited)",
					"@executable_path/Frameworks",
				);
				MARKETING_VERSION = 1.0;
				PRODUCT_BUNDLE_IDENTIFIER = ilyabiltuev.BeerApp;
				PRODUCT_NAME = "$(TARGET_NAME)";
				SWIFT_EMIT_LOC_STRINGS = YES;
				SWIFT_VERSION = 5.0;
				TARGETED_DEVICE_FAMILY = "1,2";
			};
			name = Release;
		};
		09013FC52D4C02EA00C39319 /* Debug */ = {
			isa = XCBuildConfiguration;
			buildSettings = {
				ALWAYS_EMBED_SWIFT_STANDARD_LIBRARIES = YES;
				BUNDLE_LOADER = "$(TEST_HOST)";
				CODE_SIGN_STYLE = Automatic;
				CURRENT_PROJECT_VERSION = 1;
				DEVELOPMENT_TEAM = 7ZK9E97T8K;
				GENERATE_INFOPLIST_FILE = YES;
				IPHONEOS_DEPLOYMENT_TARGET = 17.5;
				MARKETING_VERSION = 1.0;
				PRODUCT_BUNDLE_IDENTIFIER = ilyabiltuev.BeerAppTests;
				PRODUCT_NAME = "$(TARGET_NAME)";
				SWIFT_EMIT_LOC_STRINGS = NO;
				SWIFT_VERSION = 5.0;
				TARGETED_DEVICE_FAMILY = "1,2";
				TEST_HOST = "$(BUILT_PRODUCTS_DIR)/BeerApp.app/$(BUNDLE_EXECUTABLE_FOLDER_PATH)/BeerApp";
			};
			name = Debug;
		};
		09013FC62D4C02EA00C39319 /* Release */ = {
			isa = XCBuildConfiguration;
			buildSettings = {
				ALWAYS_EMBED_SWIFT_STANDARD_LIBRARIES = YES;
				BUNDLE_LOADER = "$(TEST_HOST)";
				CODE_SIGN_STYLE = Automatic;
				CURRENT_PROJECT_VERSION = 1;
				DEVELOPMENT_TEAM = 7ZK9E97T8K;
				GENERATE_INFOPLIST_FILE = YES;
				IPHONEOS_DEPLOYMENT_TARGET = 17.5;
				MARKETING_VERSION = 1.0;
				PRODUCT_BUNDLE_IDENTIFIER = ilyabiltuev.BeerAppTests;
				PRODUCT_NAME = "$(TARGET_NAME)";
				SWIFT_EMIT_LOC_STRINGS = NO;
				SWIFT_VERSION = 5.0;
				TARGETED_DEVICE_FAMILY = "1,2";
				TEST_HOST = "$(BUILT_PRODUCTS_DIR)/BeerApp.app/$(BUNDLE_EXECUTABLE_FOLDER_PATH)/BeerApp";
			};
			name = Release;
		};
		09013FC82D4C02EA00C39319 /* Debug */ = {
			isa = XCBuildConfiguration;
			buildSettings = {
				ALWAYS_EMBED_SWIFT_STANDARD_LIBRARIES = YES;
				CODE_SIGN_STYLE = Automatic;
				CURRENT_PROJECT_VERSION = 1;
				DEVELOPMENT_TEAM = 7ZK9E97T8K;
				GENERATE_INFOPLIST_FILE = YES;
				MARKETING_VERSION = 1.0;
				PRODUCT_BUNDLE_IDENTIFIER = ilyabiltuev.BeerAppUITests;
				PRODUCT_NAME = "$(TARGET_NAME)";
				SWIFT_EMIT_LOC_STRINGS = NO;
				SWIFT_VERSION = 5.0;
				TARGETED_DEVICE_FAMILY = "1,2";
				TEST_TARGET_NAME = BeerApp;
			};
			name = Debug;
		};
		09013FC92D4C02EA00C39319 /* Release */ = {
			isa = XCBuildConfiguration;
			buildSettings = {
				ALWAYS_EMBED_SWIFT_STANDARD_LIBRARIES = YES;
				CODE_SIGN_STYLE = Automatic;
				CURRENT_PROJECT_VERSION = 1;
				DEVELOPMENT_TEAM = 7ZK9E97T8K;
				GENERATE_INFOPLIST_FILE = YES;
				MARKETING_VERSION = 1.0;
				PRODUCT_BUNDLE_IDENTIFIER = ilyabiltuev.BeerAppUITests;
				PRODUCT_NAME = "$(TARGET_NAME)";
				SWIFT_EMIT_LOC_STRINGS = NO;
				SWIFT_VERSION = 5.0;
				TARGETED_DEVICE_FAMILY = "1,2";
				TEST_TARGET_NAME = BeerApp;
			};
			name = Release;
		};
/* End XCBuildConfiguration section */

/* Begin XCConfigurationList section */
		09013F982D4C02E900C39319 /* Build configuration list for PBXProject "BeerApp" */ = {
			isa = XCConfigurationList;
			buildConfigurations = (
				09013FBF2D4C02EA00C39319 /* Debug */,
				09013FC02D4C02EA00C39319 /* Release */,
			);
			defaultConfigurationIsVisible = 0;
			defaultConfigurationName = Release;
		};
		09013FC12D4C02EA00C39319 /* Build configuration list for PBXNativeTarget "BeerApp" */ = {
			isa = XCConfigurationList;
			buildConfigurations = (
				09013FC22D4C02EA00C39319 /* Debug */,
				09013FC32D4C02EA00C39319 /* Release */,
			);
			defaultConfigurationIsVisible = 0;
			defaultConfigurationName = Release;
		};
		09013FC42D4C02EA00C39319 /* Build configuration list for PBXNativeTarget "BeerAppTests" */ = {
			isa = XCConfigurationList;
			buildConfigurations = (
				09013FC52D4C02EA00C39319 /* Debug */,
				09013FC62D4C02EA00C39319 /* Release */,
			);
			defaultConfigurationIsVisible = 0;
			defaultConfigurationName = Release;
		};
		09013FC72D4C02EA00C39319 /* Build configuration list for PBXNativeTarget "BeerAppUITests" */ = {
			isa = XCConfigurationList;
			buildConfigurations = (
				09013FC82D4C02EA00C39319 /* Debug */,
				09013FC92D4C02EA00C39319 /* Release */,
			);
			defaultConfigurationIsVisible = 0;
			defaultConfigurationName = Release;
		};
/* End XCConfigurationList section */

/* Begin XCRemoteSwiftPackageReference section */
		09C2A7642D4E86DD00B817AB /* XCRemoteSwiftPackageReference "SDWebImageSwiftUI" */ = {
			isa = XCRemoteSwiftPackageReference;
			repositoryURL = "https://github.com/SDWebImage/SDWebImageSwiftUI.git";
			requirement = {
				kind = upToNextMajorVersion;
				minimumVersion = 3.1.3;
			};
		};
/* End XCRemoteSwiftPackageReference section */

/* Begin XCSwiftPackageProductDependency section */
		09C2A7652D4E86DD00B817AB /* SDWebImageSwiftUI */ = {
			isa = XCSwiftPackageProductDependency;
			package = 09C2A7642D4E86DD00B817AB /* XCRemoteSwiftPackageReference "SDWebImageSwiftUI" */;
			productName = SDWebImageSwiftUI;
		};
/* End XCSwiftPackageProductDependency section */
	};
	rootObject = 09013F952D4C02E900C39319 /* Project object */;
}
